
Microsoft Visual Studio Solution File, Format Version 12.00
Project("{FAE04EC0-301F-11D3-BF4B-00C04F79EFBC}") = "All Exept", "All Exept\All Exept.csproj", "{DD4D7DEB-40A4-4D30-A399-81EAEBD1AA37}"
EndProject
Global
	GlobalSection(SolutionConfigurationPlatforms) = preSolution
		Debug|Any CPU = Debug|Any CPU
		Release|Any CPU = Release|Any CPU
	EndGlobalSection
	GlobalSection(ProjectConfigurationPlatforms) = postSolution
		{DD4D7DEB-40A4-4D30-A399-81EAEBD1AA37}.Debug|Any CPU.ActiveCfg = Debug|Any CPU
		{DD4D7DEB-40A4-4D30-A399-81EAEBD1AA37}.Debug|Any CPU.Build.0 = Debug|Any CPU
		{DD4D7DEB-40A4-4D30-A399-81EAEBD1AA37}.Release|Any CPU.ActiveCfg = Release|Any CPU
		{DD4D7DEB-40A4-4D30-A399-81EAEBD1AA37}.Release|Any CPU.Build.0 = Release|Any CPU
	EndGlobalSection
EndGlobal
